Microsoft Visual Studio Solution File, Format Version 12.00
# Visual Studio Version 17
VisualStudioVersion = 17.5.2.0
MinimumVisualStudioVersion = 10.0.40219.1
Project("{FAE04EC0-301F-11D3-BF4B-00C04F79EFBC}") = "tt1", "tt1.csproj", "{CBDCCABF-77C1-F070-9E45-532EB642D60C}"
EndProject
Global
	GlobalSection(SolutionConfigurationPlatforms) = preSolution
		Debug|Any CPU = Debug|Any CPU
		Release|Any CPU = Release|Any CPU
	EndGlobalSection
	GlobalSection(ProjectConfigurationPlatforms) = postSolution
		{CBDCCABF-77C1-F070-9E45-532EB642D60C}.Debug|Any CPU.ActiveCfg = Debug|Any CPU
		{CBDCCABF-77C1-F070-9E45-532EB642D60C}.Debug|Any CPU.Build.0 = Debug|Any CPU
		{CBDCCABF-77C1-F070-9E45-532EB642D60C}.Release|Any CPU.ActiveCfg = Release|Any CPU
		{CBDCCABF-77C1-F070-9E45-532EB642D60C}.Release|Any CPU.Build.0 = Release|Any CPU
	EndGlobalSection
	GlobalSection(SolutionProperties) = preSolution
		HideSolutionNode = FALSE
	EndGlobalSection
	GlobalSection(ExtensibilityGlobals) = postSolution
		SolutionGuid = {8A88CD6F-9745-4A80-AD22-1F1B8FEC12F3}
	EndGlobalSection
EndGlobal
