
Microsoft Visual Studio Solution File, Format Version 12.00
# Visual Studio Version 17
VisualStudioVersion = 17.11.35327.3
MinimumVisualStudioVersion = 10.0.40219.1
Project("{9A19103F-16F7-4668-BE54-9A1E7A4F7556}") = "cw1-wpf", "cw1-wpf.csproj", "{294A6DAA-2DD6-41C0-82A2-2ED652A9563B}"
EndProject
Project("{FAE04EC0-301F-11D3-BF4B-00C04F79EFBC}") = "Nwd.Test", "..\Nwd.Test\Nwd.Test.csproj", "{0612C6D0-5B59-4A76-A1B2-04FA4133F874}"
EndProject
Global
	GlobalSection(SolutionConfigurationPlatforms) = preSolution
		Debug|Any CPU = Debug|Any CPU
		Release|Any CPU = Release|Any CPU
	EndGlobalSection
	GlobalSection(ProjectConfigurationPlatforms) = postSolution
		{294A6DAA-2DD6-41C0-82A2-2ED652A9563B}.Debug|Any CPU.ActiveCfg = Debug|Any CPU
		{294A6DAA-2DD6-41C0-82A2-2ED652A9563B}.Debug|Any CPU.Build.0 = Debug|Any CPU
		{294A6DAA-2DD6-41C0-82A2-2ED652A9563B}.Release|Any CPU.ActiveCfg = Release|Any CPU
		{294A6DAA-2DD6-41C0-82A2-2ED652A9563B}.Release|Any CPU.Build.0 = Release|Any CPU
		{0612C6D0-5B59-4A76-A1B2-04FA4133F874}.Debug|Any CPU.ActiveCfg = Debug|Any CPU
		{0612C6D0-5B59-4A76-A1B2-04FA4133F874}.Debug|Any CPU.Build.0 = Debug|Any CPU
		{0612C6D0-5B59-4A76-A1B2-04FA4133F874}.Release|Any CPU.ActiveCfg = Release|Any CPU
		{0612C6D0-5B59-4A76-A1B2-04FA4133F874}.Release|Any CPU.Build.0 = Release|Any CPU
	EndGlobalSection
	GlobalSection(SolutionProperties) = preSolution
		HideSolutionNode = FALSE
	EndGlobalSection
	GlobalSection(ExtensibilityGlobals) = postSolution
		SolutionGuid = {5835787C-132F-4DB4-850E-CAA8D032EDC7}
	EndGlobalSection
EndGlobal
