
Microsoft Visual Studio Solution File, Format Version 12.00
# Visual Studio Version 17
VisualStudioVersion = 17.14.36202.13 d17.14
MinimumVisualStudioVersion = 10.0.40219.1
Project("{FAE04EC0-301F-11D3-BF4B-00C04F79EFBC}") = "WinFormsApp", "WinFormsApp\WinFormsApp.csproj", "{0F797F3F-6332-4D30-BAA7-DEB263746A0E}"
EndProject
Project("{FAE04EC0-301F-11D3-BF4B-00C04F79EFBC}") = "TestProject", "TestProject\TestProject.csproj", "{26B7F6BA-4845-471F-A53A-0DE0367F14C7}"
EndProject
Global
	GlobalSection(SolutionConfigurationPlatforms) = preSolution
		Debug|Any CPU = Debug|Any CPU
		Release|Any CPU = Release|Any CPU
	EndGlobalSection
	GlobalSection(ProjectConfigurationPlatforms) = postSolution
		{0F797F3F-6332-4D30-BAA7-DEB263746A0E}.Debug|Any CPU.ActiveCfg = Debug|Any CPU
		{0F797F3F-6332-4D30-BAA7-DEB263746A0E}.Debug|Any CPU.Build.0 = Debug|Any CPU
		{0F797F3F-6332-4D30-BAA7-DEB263746A0E}.Release|Any CPU.ActiveCfg = Release|Any CPU
		{0F797F3F-6332-4D30-BAA7-DEB263746A0E}.Release|Any CPU.Build.0 = Release|Any CPU
		{26B7F6BA-4845-471F-A53A-0DE0367F14C7}.Debug|Any CPU.ActiveCfg = Debug|Any CPU
		{26B7F6BA-4845-471F-A53A-0DE0367F14C7}.Debug|Any CPU.Build.0 = Debug|Any CPU
		{26B7F6BA-4845-471F-A53A-0DE0367F14C7}.Release|Any CPU.ActiveCfg = Release|Any CPU
		{26B7F6BA-4845-471F-A53A-0DE0367F14C7}.Release|Any CPU.Build.0 = Release|Any CPU
	EndGlobalSection
	GlobalSection(SolutionProperties) = preSolution
		HideSolutionNode = FALSE
	EndGlobalSection
	GlobalSection(ExtensibilityGlobals) = postSolution
		SolutionGuid = {D03E55AB-BDC5-43CA-901D-952A91672A2D}
	EndGlobalSection
EndGlobal
