
Microsoft Visual Studio Solution File, Format Version 12.00
# Visual Studio Version 17
VisualStudioVersion = 17.11.35327.3
MinimumVisualStudioVersion = 10.0.40219.1
Project("{FAE04EC0-301F-11D3-BF4B-00C04F79EFBC}") = "cw10-wf", "cw10-wf.csproj", "{C5F9345C-BD86-4D63-9240-0F6632F987BC}"
EndProject
Global
	GlobalSection(SolutionConfigurationPlatforms) = preSolution
		Debug|Any CPU = Debug|Any CPU
		Release|Any CPU = Release|Any CPU
	EndGlobalSection
	GlobalSection(ProjectConfigurationPlatforms) = postSolution
		{C5F9345C-BD86-4D63-9240-0F6632F987BC}.Debug|Any CPU.ActiveCfg = Debug|Any CPU
		{C5F9345C-BD86-4D63-9240-0F6632F987BC}.Debug|Any CPU.Build.0 = Debug|Any CPU
		{C5F9345C-BD86-4D63-9240-0F6632F987BC}.Release|Any CPU.ActiveCfg = Release|Any CPU
		{C5F9345C-BD86-4D63-9240-0F6632F987BC}.Release|Any CPU.Build.0 = Release|Any CPU
	EndGlobalSection
	GlobalSection(SolutionProperties) = preSolution
		HideSolutionNode = FALSE
	EndGlobalSection
	GlobalSection(ExtensibilityGlobals) = postSolution
		SolutionGuid = {0A195FC7-4FB8-4072-B175-616A58A0E4D1}
	EndGlobalSection
EndGlobal
