Microsoft Visual Studio Solution File, Format Version 12.00
# Visual Studio Version 17
VisualStudioVersion = 17.5.2.0
MinimumVisualStudioVersion = 10.0.40219.1
Project("{FAE04EC0-301F-11D3-BF4B-00C04F79EFBC}") = "cw10_cars", "cw10_cars.csproj", "{1DD102A5-05C4-DC54-8BBB-CB40FE0AED5A}"
EndProject
Global
	GlobalSection(SolutionConfigurationPlatforms) = preSolution
		Debug|Any CPU = Debug|Any CPU
		Release|Any CPU = Release|Any CPU
	EndGlobalSection
	GlobalSection(ProjectConfigurationPlatforms) = postSolution
		{1DD102A5-05C4-DC54-8BBB-CB40FE0AED5A}.Debug|Any CPU.ActiveCfg = Debug|Any CPU
		{1DD102A5-05C4-DC54-8BBB-CB40FE0AED5A}.Debug|Any CPU.Build.0 = Debug|Any CPU
		{1DD102A5-05C4-DC54-8BBB-CB40FE0AED5A}.Release|Any CPU.ActiveCfg = Release|Any CPU
		{1DD102A5-05C4-DC54-8BBB-CB40FE0AED5A}.Release|Any CPU.Build.0 = Release|Any CPU
	EndGlobalSection
	GlobalSection(SolutionProperties) = preSolution
		HideSolutionNode = FALSE
	EndGlobalSection
	GlobalSection(ExtensibilityGlobals) = postSolution
		SolutionGuid = {6227AE0B-18FA-4D49-B7F6-7B98BC5988F1}
	EndGlobalSection
EndGlobal
