
Microsoft Visual Studio Solution File, Format Version 12.00
# Visual Studio Version 17
VisualStudioVersion = 17.5.002.0
MinimumVisualStudioVersion = 10.0.40219.1
Project("{9A19103F-16F7-4668-BE54-9A1E7A4F7556}") = "egz-api", "egz-api.csproj", "{6D67D8B6-848A-4183-BA76-C49CA789E3F8}"
EndProject
Global
	GlobalSection(SolutionConfigurationPlatforms) = preSolution
		Debug|Any CPU = Debug|Any CPU
		Release|Any CPU = Release|Any CPU
	EndGlobalSection
	GlobalSection(ProjectConfigurationPlatforms) = postSolution
		{6D67D8B6-848A-4183-BA76-C49CA789E3F8}.Debug|Any CPU.ActiveCfg = Debug|Any CPU
		{6D67D8B6-848A-4183-BA76-C49CA789E3F8}.Debug|Any CPU.Build.0 = Debug|Any CPU
		{6D67D8B6-848A-4183-BA76-C49CA789E3F8}.Release|Any CPU.ActiveCfg = Release|Any CPU
		{6D67D8B6-848A-4183-BA76-C49CA789E3F8}.Release|Any CPU.Build.0 = Release|Any CPU
	EndGlobalSection
	GlobalSection(SolutionProperties) = preSolution
		HideSolutionNode = FALSE
	EndGlobalSection
	GlobalSection(ExtensibilityGlobals) = postSolution
		SolutionGuid = {05095C6C-7A36-466E-B26A-F10FBF69FDD8}
	EndGlobalSection
EndGlobal
