
Microsoft Visual Studio Solution File, Format Version 12.00
# Visual Studio Version 17
VisualStudioVersion = 17.13.35931.197 d17.13
MinimumVisualStudioVersion = 10.0.40219.1
Project("{FAE04EC0-301F-11D3-BF4B-00C04F79EFBC}") = "cw11_VS2022", "cw11_VS2022.csproj", "{7102709F-EBC5-49DD-8D39-6EF4A90FD44C}"
EndProject
Global
	GlobalSection(SolutionConfigurationPlatforms) = preSolution
		Debug|Any CPU = Debug|Any CPU
		Release|Any CPU = Release|Any CPU
	EndGlobalSection
	GlobalSection(ProjectConfigurationPlatforms) = postSolution
		{7102709F-EBC5-49DD-8D39-6EF4A90FD44C}.Debug|Any CPU.ActiveCfg = Debug|Any CPU
		{7102709F-EBC5-49DD-8D39-6EF4A90FD44C}.Debug|Any CPU.Build.0 = Debug|Any CPU
		{7102709F-EBC5-49DD-8D39-6EF4A90FD44C}.Release|Any CPU.ActiveCfg = Release|Any CPU
		{7102709F-EBC5-49DD-8D39-6EF4A90FD44C}.Release|Any CPU.Build.0 = Release|Any CPU
	EndGlobalSection
	GlobalSection(SolutionProperties) = preSolution
		HideSolutionNode = FALSE
	EndGlobalSection
	GlobalSection(ExtensibilityGlobals) = postSolution
		SolutionGuid = {EA44BBB0-A8EE-46FB-A9D3-00672E3758F4}
	EndGlobalSection
EndGlobal
