
Microsoft Visual Studio Solution File, Format Version 12.00
# Visual Studio Version 17
VisualStudioVersion = 17.11.35312.102
MinimumVisualStudioVersion = 10.0.40219.1
Project("{8BC9CEB8-8B4A-11D0-8D11-00A0C91BC942}") = "cw7", "cw7.vcxproj", "{60B19D45-0362-4E3B-BBE3-C5DB5A2A937F}"
EndProject
Global
	GlobalSection(SolutionConfigurationPlatforms) = preSolution
		Debug|x64 = Debug|x64
		Debug|x86 = Debug|x86
		Release|x64 = Release|x64
		Release|x86 = Release|x86
	EndGlobalSection
	GlobalSection(ProjectConfigurationPlatforms) = postSolution
		{60B19D45-0362-4E3B-BBE3-C5DB5A2A937F}.Debug|x64.ActiveCfg = Debug|x64
		{60B19D45-0362-4E3B-BBE3-C5DB5A2A937F}.Debug|x64.Build.0 = Debug|x64
		{60B19D45-0362-4E3B-BBE3-C5DB5A2A937F}.Debug|x86.ActiveCfg = Debug|Win32
		{60B19D45-0362-4E3B-BBE3-C5DB5A2A937F}.Debug|x86.Build.0 = Debug|Win32
		{60B19D45-0362-4E3B-BBE3-C5DB5A2A937F}.Release|x64.ActiveCfg = Release|x64
		{60B19D45-0362-4E3B-BBE3-C5DB5A2A937F}.Release|x64.Build.0 = Release|x64
		{60B19D45-0362-4E3B-BBE3-C5DB5A2A937F}.Release|x86.ActiveCfg = Release|Win32
		{60B19D45-0362-4E3B-BBE3-C5DB5A2A937F}.Release|x86.Build.0 = Release|Win32
	EndGlobalSection
	GlobalSection(SolutionProperties) = preSolution
		HideSolutionNode = FALSE
	EndGlobalSection
	GlobalSection(ExtensibilityGlobals) = postSolution
		SolutionGuid = {336D7D57-CEB0-4BAD-A1AF-92D456438685}
	EndGlobalSection
EndGlobal
