
Microsoft Visual Studio Solution File, Format Version 12.00
# Visual Studio Version 17
VisualStudioVersion = 17.5.002.0
MinimumVisualStudioVersion = 10.0.40219.1
Project("{9A19103F-16F7-4668-BE54-9A1E7A4F7556}") = "cw9-wf", "cw9-wf.csproj", "{FAFCE93D-48B9-4C07-ACD3-535444DFB638}"
EndProject
Global
	GlobalSection(SolutionConfigurationPlatforms) = preSolution
		Debug|Any CPU = Debug|Any CPU
		Release|Any CPU = Release|Any CPU
	EndGlobalSection
	GlobalSection(ProjectConfigurationPlatforms) = postSolution
		{FAFCE93D-48B9-4C07-ACD3-535444DFB638}.Debug|Any CPU.ActiveCfg = Debug|Any CPU
		{FAFCE93D-48B9-4C07-ACD3-535444DFB638}.Debug|Any CPU.Build.0 = Debug|Any CPU
		{FAFCE93D-48B9-4C07-ACD3-535444DFB638}.Release|Any CPU.ActiveCfg = Release|Any CPU
		{FAFCE93D-48B9-4C07-ACD3-535444DFB638}.Release|Any CPU.Build.0 = Release|Any CPU
	EndGlobalSection
	GlobalSection(SolutionProperties) = preSolution
		HideSolutionNode = FALSE
	EndGlobalSection
	GlobalSection(ExtensibilityGlobals) = postSolution
		SolutionGuid = {1290FC2D-DD09-469F-A447-4477E0B69505}
	EndGlobalSection
EndGlobal
