
Microsoft Visual Studio Solution File, Format Version 12.00
# Visual Studio Version 17
VisualStudioVersion = 17.5.002.0
MinimumVisualStudioVersion = 10.0.40219.1
Project("{9A19103F-16F7-4668-BE54-9A1E7A4F7556}") = "cw8", "cw8.csproj", "{7585DD55-1481-4071-9A27-C5E4BB763457}"
EndProject
Global
	GlobalSection(SolutionConfigurationPlatforms) = preSolution
		Debug|Any CPU = Debug|Any CPU
		Release|Any CPU = Release|Any CPU
	EndGlobalSection
	GlobalSection(ProjectConfigurationPlatforms) = postSolution
		{7585DD55-1481-4071-9A27-C5E4BB763457}.Debug|Any CPU.ActiveCfg = Debug|Any CPU
		{7585DD55-1481-4071-9A27-C5E4BB763457}.Debug|Any CPU.Build.0 = Debug|Any CPU
		{7585DD55-1481-4071-9A27-C5E4BB763457}.Release|Any CPU.ActiveCfg = Release|Any CPU
		{7585DD55-1481-4071-9A27-C5E4BB763457}.Release|Any CPU.Build.0 = Release|Any CPU
	EndGlobalSection
	GlobalSection(SolutionProperties) = preSolution
		HideSolutionNode = FALSE
	EndGlobalSection
	GlobalSection(ExtensibilityGlobals) = postSolution
		SolutionGuid = {8A50F37F-9C0F-42EE-8609-773C93D85445}
	EndGlobalSection
EndGlobal
