
Microsoft Visual Studio Solution File, Format Version 12.00
# Visual Studio Version 17
VisualStudioVersion = 17.11.35327.3
MinimumVisualStudioVersion = 10.0.40219.1
Project("{FAE04EC0-301F-11D3-BF4B-00C04F79EFBC}") = "cw11_listbox", "cw11_listbox.csproj", "{06096FDE-F993-4C89-9C91-A36A31A18DDA}"
EndProject
Global
	GlobalSection(SolutionConfigurationPlatforms) = preSolution
		Debug|Any CPU = Debug|Any CPU
		Release|Any CPU = Release|Any CPU
	EndGlobalSection
	GlobalSection(ProjectConfigurationPlatforms) = postSolution
		{06096FDE-F993-4C89-9C91-A36A31A18DDA}.Debug|Any CPU.ActiveCfg = Debug|Any CPU
		{06096FDE-F993-4C89-9C91-A36A31A18DDA}.Debug|Any CPU.Build.0 = Debug|Any CPU
		{06096FDE-F993-4C89-9C91-A36A31A18DDA}.Release|Any CPU.ActiveCfg = Release|Any CPU
		{06096FDE-F993-4C89-9C91-A36A31A18DDA}.Release|Any CPU.Build.0 = Release|Any CPU
	EndGlobalSection
	GlobalSection(SolutionProperties) = preSolution
		HideSolutionNode = FALSE
	EndGlobalSection
	GlobalSection(ExtensibilityGlobals) = postSolution
		SolutionGuid = {42F5DEE4-FECD-4F22-B88B-DF5A5B1B1847}
	EndGlobalSection
EndGlobal
