Microsoft Visual Studio Solution File, Format Version 12.00
# Visual Studio Version 17
VisualStudioVersion = 17.5.2.0
MinimumVisualStudioVersion = 10.0.40219.1
Project("{FAE04EC0-301F-11D3-BF4B-00C04F79EFBC}") = "ark3_solution", "ark3_solution.csproj", "{31F98653-3E68-4599-8FFB-92E3AB2F8ABC}"
EndProject
Global
	GlobalSection(SolutionConfigurationPlatforms) = preSolution
		Debug|Any CPU = Debug|Any CPU
		Release|Any CPU = Release|Any CPU
	EndGlobalSection
	GlobalSection(ProjectConfigurationPlatforms) = postSolution
		{31F98653-3E68-4599-8FFB-92E3AB2F8ABC}.Debug|Any CPU.ActiveCfg = Debug|Any CPU
		{31F98653-3E68-4599-8FFB-92E3AB2F8ABC}.Debug|Any CPU.Build.0 = Debug|Any CPU
		{31F98653-3E68-4599-8FFB-92E3AB2F8ABC}.Release|Any CPU.ActiveCfg = Release|Any CPU
		{31F98653-3E68-4599-8FFB-92E3AB2F8ABC}.Release|Any CPU.Build.0 = Release|Any CPU
	EndGlobalSection
	GlobalSection(SolutionProperties) = preSolution
		HideSolutionNode = FALSE
	EndGlobalSection
	GlobalSection(ExtensibilityGlobals) = postSolution
		SolutionGuid = {4537A016-AA7C-45AD-81A3-96938D6E1165}
	EndGlobalSection
EndGlobal
