
Microsoft Visual Studio Solution File, Format Version 12.00
# Visual Studio Version 17
VisualStudioVersion = 17.5.002.0
MinimumVisualStudioVersion = 10.0.40219.1
Project("{9A19103F-16F7-4668-BE54-9A1E7A4F7556}") = "cw13_sqlite", "cw13_sqlite.csproj", "{A14EB1B2-9CD6-452E-8FC7-5C7B6BD93265}"
EndProject
Global
	GlobalSection(SolutionConfigurationPlatforms) = preSolution
		Debug|Any CPU = Debug|Any CPU
		Release|Any CPU = Release|Any CPU
	EndGlobalSection
	GlobalSection(ProjectConfigurationPlatforms) = postSolution
		{A14EB1B2-9CD6-452E-8FC7-5C7B6BD93265}.Debug|Any CPU.ActiveCfg = Debug|Any CPU
		{A14EB1B2-9CD6-452E-8FC7-5C7B6BD93265}.Debug|Any CPU.Build.0 = Debug|Any CPU
		{A14EB1B2-9CD6-452E-8FC7-5C7B6BD93265}.Release|Any CPU.ActiveCfg = Release|Any CPU
		{A14EB1B2-9CD6-452E-8FC7-5C7B6BD93265}.Release|Any CPU.Build.0 = Release|Any CPU
	EndGlobalSection
	GlobalSection(SolutionProperties) = preSolution
		HideSolutionNode = FALSE
	EndGlobalSection
	GlobalSection(ExtensibilityGlobals) = postSolution
		SolutionGuid = {7F1F0CD3-BF19-4977-9E37-D57BCAE193A5}
	EndGlobalSection
EndGlobal
